
Microsoft Visual Studio Solution File, Format Version 12.00
# Visual Studio Version 16
VisualStudioVersion = 16.0.30523.141
MinimumVisualStudioVersion = 15.0.26124.0
Project("{9A19103F-16F7-4668-BE54-9A1E7A4F7556}") = "david.hotelbooking.api", "david.hotelbooking.api\david.hotelbooking.api.csproj", "{B606C2CB-955B-4DA8-8E6D-42679DB18208}"
EndProject
Project("{9A19103F-16F7-4668-BE54-9A1E7A4F7556}") = "david.hotelbooking.domain", "david.hotelbooking.domain\david.hotelbooking.domain.csproj", "{13533169-3D9D-47FC-8137-FD0384CF6BBE}"
EndProject
Project("{9A19103F-16F7-4668-BE54-9A1E7A4F7556}") = "david.hotelbooking.debugConsole", "david.hotelbooking.debugConsole\david.hotelbooking.debugConsole.csproj", "{C299C310-3EFB-4ABC-8F25-A15FE923BA04}"
EndProject
Project("{9A19103F-16F7-4668-BE54-9A1E7A4F7556}") = "david.hotelbooking.mvc", "david.hotelbooking.mvc\david.hotelbooking.mvc.csproj", "{01A2275F-E2BC-4636-A55B-89DEE2998039}"
EndProject
Project("{9A19103F-16F7-4668-BE54-9A1E7A4F7556}") = "david.hotelbooking.UnitTests", "david.hotelbooking.UnitTests\david.hotelbooking.UnitTests.csproj", "{467CE2ED-623F-4C8B-8C3D-19FB93832B39}"
EndProject
Project("{9A19103F-16F7-4668-BE54-9A1E7A4F7556}") = "david.hotelbooking.AzureApiTests", "david.hotelbooking.AzureApiTests\david.hotelbooking.AzureApiTests.csproj", "{4C11E53C-6225-4DA2-B491-FCF9679073B9}"
EndProject
Global
	GlobalSection(SolutionConfigurationPlatforms) = preSolution
		Debug|Any CPU = Debug|Any CPU
		Debug|x64 = Debug|x64
		Debug|x86 = Debug|x86
		Release|Any CPU = Release|Any CPU
		Release|x64 = Release|x64
		Release|x86 = Release|x86
	EndGlobalSection
	GlobalSection(ProjectConfigurationPlatforms) = postSolution
		{B606C2CB-955B-4DA8-8E6D-42679DB18208}.Debug|Any CPU.ActiveCfg = Debug|Any CPU
		{B606C2CB-955B-4DA8-8E6D-42679DB18208}.Debug|Any CPU.Build.0 = Debug|Any CPU
		{B606C2CB-955B-4DA8-8E6D-42679DB18208}.Debug|x64.ActiveCfg = Debug|Any CPU
		{B606C2CB-955B-4DA8-8E6D-42679DB18208}.Debug|x64.Build.0 = Debug|Any CPU
		{B606C2CB-955B-4DA8-8E6D-42679DB18208}.Debug|x86.ActiveCfg = Debug|Any CPU
		{B606C2CB-955B-4DA8-8E6D-42679DB18208}.Debug|x86.Build.0 = Debug|Any CPU
		{B606C2CB-955B-4DA8-8E6D-42679DB18208}.Release|Any CPU.ActiveCfg = Release|Any CPU
		{B606C2CB-955B-4DA8-8E6D-42679DB18208}.Release|Any CPU.Build.0 = Release|Any CPU
		{B606C2CB-955B-4DA8-8E6D-42679DB18208}.Release|x64.ActiveCfg = Release|Any CPU
		{B606C2CB-955B-4DA8-8E6D-42679DB18208}.Release|x64.Build.0 = Release|Any CPU
		{B606C2CB-955B-4DA8-8E6D-42679DB18208}.Release|x86.ActiveCfg = Release|Any CPU
		{B606C2CB-955B-4DA8-8E6D-42679DB18208}.Release|x86.Build.0 = Release|Any CPU
		{13533169-3D9D-47FC-8137-FD0384CF6BBE}.Debug|Any CPU.ActiveCfg = Debug|Any CPU
		{13533169-3D9D-47FC-8137-FD0384CF6BBE}.Debug|Any CPU.Build.0 = Debug|Any CPU
		{13533169-3D9D-47FC-8137-FD0384CF6BBE}.Debug|x64.ActiveCfg = Debug|Any CPU
		{13533169-3D9D-47FC-8137-FD0384CF6BBE}.Debug|x64.Build.0 = Debug|Any CPU
		{13533169-3D9D-47FC-8137-FD0384CF6BBE}.Debug|x86.ActiveCfg = Debug|Any CPU
		{13533169-3D9D-47FC-8137-FD0384CF6BBE}.Debug|x86.Build.0 = Debug|Any CPU
		{13533169-3D9D-47FC-8137-FD0384CF6BBE}.Release|Any CPU.ActiveCfg = Release|Any CPU
		{13533169-3D9D-47FC-8137-FD0384CF6BBE}.Release|Any CPU.Build.0 = Release|Any CPU
		{13533169-3D9D-47FC-8137-FD0384CF6BBE}.Release|x64.ActiveCfg = Release|Any CPU
		{13533169-3D9D-47FC-8137-FD0384CF6BBE}.Release|x64.Build.0 = Release|Any CPU
		{13533169-3D9D-47FC-8137-FD0384CF6BBE}.Release|x86.ActiveCfg = Release|Any CPU
		{13533169-3D9D-47FC-8137-FD0384CF6BBE}.Release|x86.Build.0 = Release|Any CPU
		{C299C310-3EFB-4ABC-8F25-A15FE923BA04}.Debug|Any CPU.ActiveCfg = Debug|Any CPU
		{C299C310-3EFB-4ABC-8F25-A15FE923BA04}.Debug|Any CPU.Build.0 = Debug|Any CPU
		{C299C310-3EFB-4ABC-8F25-A15FE923BA04}.Debug|x64.ActiveCfg = Debug|Any CPU
		{C299C310-3EFB-4ABC-8F25-A15FE923BA04}.Debug|x64.Build.0 = Debug|Any CPU
		{C299C310-3EFB-4ABC-8F25-A15FE923BA04}.Debug|x86.ActiveCfg = Debug|Any CPU
		{C299C310-3EFB-4ABC-8F25-A15FE923BA04}.Debug|x86.Build.0 = Debug|Any CPU
		{C299C310-3EFB-4ABC-8F25-A15FE923BA04}.Release|Any CPU.ActiveCfg = Release|Any CPU
		{C299C310-3EFB-4ABC-8F25-A15FE923BA04}.Release|Any CPU.Build.0 = Release|Any CPU
		{C299C310-3EFB-4ABC-8F25-A15FE923BA04}.Release|x64.ActiveCfg = Release|Any CPU
		{C299C310-3EFB-4ABC-8F25-A15FE923BA04}.Release|x64.Build.0 = Release|Any CPU
		{C299C310-3EFB-4ABC-8F25-A15FE923BA04}.Release|x86.ActiveCfg = Release|Any CPU
		{C299C310-3EFB-4ABC-8F25-A15FE923BA04}.Release|x86.Build.0 = Release|Any CPU
		{01A2275F-E2BC-4636-A55B-89DEE2998039}.Debug|Any CPU.ActiveCfg = Debug|Any CPU
		{01A2275F-E2BC-4636-A55B-89DEE2998039}.Debug|Any CPU.Build.0 = Debug|Any CPU
		{01A2275F-E2BC-4636-A55B-89DEE2998039}.Debug|x64.ActiveCfg = Debug|Any CPU
		{01A2275F-E2BC-4636-A55B-89DEE2998039}.Debug|x64.Build.0 = Debug|Any CPU
		{01A2275F-E2BC-4636-A55B-89DEE2998039}.Debug|x86.ActiveCfg = Debug|Any CPU
		{01A2275F-E2BC-4636-A55B-89DEE2998039}.Debug|x86.Build.0 = Debug|Any CPU
		{01A2275F-E2BC-4636-A55B-89DEE2998039}.Release|Any CPU.ActiveCfg = Release|Any CPU
		{01A2275F-E2BC-4636-A55B-89DEE2998039}.Release|Any CPU.Build.0 = Release|Any CPU
		{01A2275F-E2BC-4636-A55B-89DEE2998039}.Release|x64.ActiveCfg = Release|Any CPU
		{01A2275F-E2BC-4636-A55B-89DEE2998039}.Release|x64.Build.0 = Release|Any CPU
		{01A2275F-E2BC-4636-A55B-89DEE2998039}.Release|x86.ActiveCfg = Release|Any CPU
		{01A2275F-E2BC-4636-A55B-89DEE2998039}.Release|x86.Build.0 = Release|Any CPU
		{467CE2ED-623F-4C8B-8C3D-19FB93832B39}.Debug|Any CPU.ActiveCfg = Debug|Any CPU
		{467CE2ED-623F-4C8B-8C3D-19FB93832B39}.Debug|Any CPU.Build.0 = Debug|Any CPU
		{467CE2ED-623F-4C8B-8C3D-19FB93832B39}.Debug|x64.ActiveCfg = Debug|Any CPU
		{467CE2ED-623F-4C8B-8C3D-19FB93832B39}.Debug|x64.Build.0 = Debug|Any CPU
		{467CE2ED-623F-4C8B-8C3D-19FB93832B39}.Debug|x86.ActiveCfg = Debug|Any CPU
		{467CE2ED-623F-4C8B-8C3D-19FB93832B39}.Debug|x86.Build.0 = Debug|Any CPU
		{467CE2ED-623F-4C8B-8C3D-19FB93832B39}.Release|Any CPU.ActiveCfg = Release|Any CPU
		{467CE2ED-623F-4C8B-8C3D-19FB93832B39}.Release|Any CPU.Build.0 = Release|Any CPU
		{467CE2ED-623F-4C8B-8C3D-19FB93832B39}.Release|x64.ActiveCfg = Release|Any CPU
		{467CE2ED-623F-4C8B-8C3D-19FB93832B39}.Release|x64.Build.0 = Release|Any CPU
		{467CE2ED-623F-4C8B-8C3D-19FB93832B39}.Release|x86.ActiveCfg = Release|Any CPU
		{467CE2ED-623F-4C8B-8C3D-19FB93832B39}.Release|x86.Build.0 = Release|Any CPU
		{4C11E53C-6225-4DA2-B491-FCF9679073B9}.Debug|Any CPU.ActiveCfg = Debug|Any CPU
		{4C11E53C-6225-4DA2-B491-FCF9679073B9}.Debug|Any CPU.Build.0 = Debug|Any CPU
		{4C11E53C-6225-4DA2-B491-FCF9679073B9}.Debug|x64.ActiveCfg = Debug|Any CPU
		{4C11E53C-6225-4DA2-B491-FCF9679073B9}.Debug|x64.Build.0 = Debug|Any CPU
		{4C11E53C-6225-4DA2-B491-FCF9679073B9}.Debug|x86.ActiveCfg = Debug|Any CPU
		{4C11E53C-6225-4DA2-B491-FCF9679073B9}.Debug|x86.Build.0 = Debug|Any CPU
		{4C11E53C-6225-4DA2-B491-FCF9679073B9}.Release|Any CPU.ActiveCfg = Release|Any CPU
		{4C11E53C-6225-4DA2-B491-FCF9679073B9}.Release|Any CPU.Build.0 = Release|Any CPU
		{4C11E53C-6225-4DA2-B491-FCF9679073B9}.Release|x64.ActiveCfg = Release|Any CPU
		{4C11E53C-6225-4DA2-B491-FCF9679073B9}.Release|x64.Build.0 = Release|Any CPU
		{4C11E53C-6225-4DA2-B491-FCF9679073B9}.Release|x86.ActiveCfg = Release|Any CPU
		{4C11E53C-6225-4DA2-B491-FCF9679073B9}.Release|x86.Build.0 = Release|Any CPU
	EndGlobalSection
	GlobalSection(SolutionProperties) = preSolution
		HideSolutionNode = FALSE
	EndGlobalSection
	GlobalSection(ExtensibilityGlobals) = postSolution
		SolutionGuid = {2CB23934-C4B5-4608-AEA1-0B713A9A043C}
	EndGlobalSection
EndGlobal
